
Microsoft Visual Studio Solution File, Format Version 12.00
# Visual Studio Version 17
VisualStudioVersion = 17.1.32228.430
MinimumVisualStudioVersion = 10.0.40219.1
Project("{FAE04EC0-301F-11D3-BF4B-00C04F79EFBC}") = "AzureDevopsWikiPDFConverter", "AzureDevopsWikiPDFConverter\AzureDevopsWikiPDFConverter.csproj", "{DF171114-D237-49E6-B1B8-A7A56AF19DAF}"
EndProject
Global
	GlobalSection(SolutionConfigurationPlatforms) = preSolution
		Debug|Any CPU = Debug|Any CPU
		Release|Any CPU = Release|Any CPU
	EndGlobalSection
	GlobalSection(ProjectConfigurationPlatforms) = postSolution
		{DF171114-D237-49E6-B1B8-A7A56AF19DAF}.Debug|Any CPU.ActiveCfg = Debug|Any CPU
		{DF171114-D237-49E6-B1B8-A7A56AF19DAF}.Debug|Any CPU.Build.0 = Debug|Any CPU
		{DF171114-D237-49E6-B1B8-A7A56AF19DAF}.Release|Any CPU.ActiveCfg = Release|Any CPU
		{DF171114-D237-49E6-B1B8-A7A56AF19DAF}.Release|Any CPU.Build.0 = Release|Any CPU
	EndGlobalSection
	GlobalSection(SolutionProperties) = preSolution
		HideSolutionNode = FALSE
	EndGlobalSection
	GlobalSection(ExtensibilityGlobals) = postSolution
		SolutionGuid = {0AF57D1E-9C23-4EA5-8DAE-144E5C6FB52F}
	EndGlobalSection
EndGlobal
